// !$*UTF8*$!
{
	archiveVersion = 1;
	classes = {
	};
	objectVersion = 56;
	objects = {

/* Begin PBXBuildFile section */
		41A4E7B02A0BDD7B00A30111 /* AppDelegate.swift in Sources */ = {isa = PBXBuildFile; fileRef = 41A4E7AF2A0BDD7B00A30111 /* AppDelegate.swift */; };
		41A4E7B22A0BDD7B00A30111 /* SceneDelegate.swift in Sources */ = {isa = PBXBuildFile; fileRef = 41A4E7B12A0BDD7B00A30111 /* SceneDelegate.swift */; };
		41A4E7B42A0BDD7B00A30111 /* ViewController.swift in Sources */ = {isa = PBXBuildFile; fileRef = 41A4E7B32A0BDD7B00A30111 /* ViewController.swift */; };
		41A4E7BA2A0BDD7B00A30111 /* Tomorrow.xcdatamodeld in Sources */ = {isa = PBXBuildFile; fileRef = 41A4E7B82A0BDD7B00A30111 /* Tomorrow.xcdatamodeld */; };
		41A4E7BC2A0BDD8100A30111 /* Assets.xcassets in Resources */ = {isa = PBXBuildFile; fileRef = 41A4E7BB2A0BDD8100A30111 /* Assets.xcassets */; };
		41A4E7BF2A0BDD8100A30111 /* LaunchScreen.storyboard in Resources */ = {isa = PBXBuildFile; fileRef = 41A4E7BD2A0BDD8100A30111 /* LaunchScreen.storyboard */; };
		41A4E7C72A0BDE0200A30111 /* PlansListView.swift in Sources */ = {isa = PBXBuildFile; fileRef = 41A4E7C62A0BDE0200A30111 /* PlansListView.swift */; };
		41A4E7CA2A0BDE3300A30111 /* PlansTableViewCell.swift in Sources */ = {isa = PBXBuildFile; fileRef = 41A4E7C92A0BDE3300A30111 /* PlansTableViewCell.swift */; };
		41A4E7CC2A0BDE4E00A30111 /* AddPlanScreenViewController.swift in Sources */ = {isa = PBXBuildFile; fileRef = 41A4E7CB2A0BDE4E00A30111 /* AddPlanScreenViewController.swift */; };
		41A4E7D42A0BE07C00A30111 /* Items+CoreDataClass.swift in Sources */ = {isa = PBXBuildFile; fileRef = 41A4E7D22A0BE07C00A30111 /* Items+CoreDataClass.swift */; };
		41A4E7D52A0BE07C00A30111 /* Items+CoreDataProperties.swift in Sources */ = {isa = PBXBuildFile; fileRef = 41A4E7D32A0BE07C00A30111 /* Items+CoreDataProperties.swift */; };
/* End PBXBuildFile section */

/* Begin PBXFileReference section */
		41A4E7AC2A0BDD7B00A30111 /* Tomorrow.app */ = {isa = PBXFileReference; explicitFileType = wrapper.application; includeInIndex = 0; path = Tomorrow.app; sourceTree = BUILT_PRODUCTS_DIR; };
		41A4E7AF2A0BDD7B00A30111 /* AppDelegate.swift */ = {isa = PBXFileReference; lastKnownFileType = sourcecode.swift; path = AppDelegate.swift; sourceTree = "<group>"; };
		41A4E7B12A0BDD7B00A30111 /* SceneDelegate.swift */ = {isa = PBXFileReference; lastKnownFileType = sourcecode.swift; path = SceneDelegate.swift; sourceTree = "<group>"; };
		41A4E7B32A0BDD7B00A30111 /* ViewController.swift */ = {isa = PBXFileReference; lastKnownFileType = sourcecode.swift; path = ViewController.swift; sourceTree = "<group>"; };
		41A4E7B92A0BDD7B00A30111 /* Tomorrow.xcdatamodel */ = {isa = PBXFileReference; lastKnownFileType = wrapper.xcdatamodel; path = Tomorrow.xcdatamodel; sourceTree = "<group>"; };
		41A4E7BB2A0BDD8100A30111 /* Assets.xcassets */ = {isa = PBXFileReference; lastKnownFileType = folder.assetcatalog; path = Assets.xcassets; sourceTree = "<group>"; };
		41A4E7BE2A0BDD8100A30111 /* Base */ = {isa = PBXFileReference; lastKnownFileType = file.storyboard; name = Base; path = Base.lproj/LaunchScreen.storyboard; sourceTree = "<group>"; };
		41A4E7C02A0BDD8100A30111 /* Info.plist */ = {isa = PBXFileReference; lastKnownFileType = text.plist.xml; path = Info.plist; sourceTree = "<group>"; };
		41A4E7C62A0BDE0200A30111 /* PlansListView.swift */ = {isa = PBXFileReference; lastKnownFileType = sourcecode.swift; path = PlansListView.swift; sourceTree = "<group>"; };
		41A4E7C92A0BDE3300A30111 /* PlansTableViewCell.swift */ = {isa = PBXFileReference; lastKnownFileType = sourcecode.swift; path = PlansTableViewCell.swift; sourceTree = "<group>"; };
		41A4E7CB2A0BDE4E00A30111 /* AddPlanScreenViewController.swift */ = {isa = PBXFileReference; lastKnownFileType = sourcecode.swift; path = AddPlanScreenViewController.swift; sourceTree = "<group>"; };
		41A4E7D22A0BE07C00A30111 /* Items+CoreDataClass.swift */ = {isa = PBXFileReference; lastKnownFileType = sourcecode.swift; path = "Items+CoreDataClass.swift"; sourceTree = "<group>"; };
		41A4E7D32A0BE07C00A30111 /* Items+CoreDataProperties.swift */ = {isa = PBXFileReference; lastKnownFileType = sourcecode.swift; path = "Items+CoreDataProperties.swift"; sourceTree = "<group>"; };
/* End PBXFileReference section */

/* Begin PBXFrameworksBuildPhase section */
		41A4E7A92A0BDD7B00A30111 /* Frameworks */ = {
			isa = PBXFrameworksBuildPhase;
			buildActionMask = 2147483647;
			files = (
			);
			runOnlyForDeploymentPostprocessing = 0;
		};
/* End PBXFrameworksBuildPhase section */

/* Begin PBXGroup section */
		41A4E7A32A0BDD7B00A30111 = {
			isa = PBXGroup;
			children = (
				41A4E7AE2A0BDD7B00A30111 /* Tomorrow */,
				41A4E7AD2A0BDD7B00A30111 /* Products */,
			);
			sourceTree = "<group>";
		};
		41A4E7AD2A0BDD7B00A30111 /* Products */ = {
			isa = PBXGroup;
			children = (
				41A4E7AC2A0BDD7B00A30111 /* Tomorrow.app */,
			);
			name = Products;
			sourceTree = "<group>";
		};
		41A4E7AE2A0BDD7B00A30111 /* Tomorrow */ = {
			isa = PBXGroup;
			children = (
				41A4E7CD2A0BDE6100A30111 /* Controllers */,
				41A4E7CF2A0BDE7400A30111 /* Views */,
				41A4E7D02A0BDE8200A30111 /* ViewModels */,
				41A4E7D12A0BDE9400A30111 /* Resources */,
				41A4E7C02A0BDD8100A30111 /* Info.plist */,
				41A4E7D72A0BE0C000A30111 /* ItemsCoreData */,
				41A4E7B82A0BDD7B00A30111 /* Tomorrow.xcdatamodeld */,
			);
			path = Tomorrow;
			sourceTree = "<group>";
		};
		41A4E7CD2A0BDE6100A30111 /* Controllers */ = {
			isa = PBXGroup;
			children = (
				41A4E7B32A0BDD7B00A30111 /* ViewController.swift */,
				41A4E7CB2A0BDE4E00A30111 /* AddPlanScreenViewController.swift */,
			);
			path = Controllers;
			sourceTree = "<group>";
		};
		41A4E7CE2A0BDE6C00A30111 /* CustomCells */ = {
			isa = PBXGroup;
			children = (
				41A4E7C92A0BDE3300A30111 /* PlansTableViewCell.swift */,
			);
			path = CustomCells;
			sourceTree = "<group>";
		};
		41A4E7CF2A0BDE7400A30111 /* Views */ = {
			isa = PBXGroup;
			children = (
				41A4E7C62A0BDE0200A30111 /* PlansListView.swift */,
				41A4E7CE2A0BDE6C00A30111 /* CustomCells */,
			);
			path = Views;
			sourceTree = "<group>";
		};
		41A4E7D02A0BDE8200A30111 /* ViewModels */ = {
			isa = PBXGroup;
			children = (
			);
			path = ViewModels;
			sourceTree = "<group>";
		};
		41A4E7D12A0BDE9400A30111 /* Resources */ = {
			isa = PBXGroup;
			children = (
				41A4E7AF2A0BDD7B00A30111 /* AppDelegate.swift */,
				41A4E7B12A0BDD7B00A30111 /* SceneDelegate.swift */,
				41A4E7BB2A0BDD8100A30111 /* Assets.xcassets */,
				41A4E7BD2A0BDD8100A30111 /* LaunchScreen.storyboard */,
			);
			path = Resources;
			sourceTree = "<group>";
		};
		41A4E7D72A0BE0C000A30111 /* ItemsCoreData */ = {
			isa = PBXGroup;
			children = (
				41A4E7D22A0BE07C00A30111 /* Items+CoreDataClass.swift */,
				41A4E7D32A0BE07C00A30111 /* Items+CoreDataProperties.swift */,
			);
			path = ItemsCoreData;
			sourceTree = "<group>";
		};
/* End PBXGroup section */

/* Begin PBXNativeTarget section */
		41A4E7AB2A0BDD7B00A30111 /* Tomorrow */ = {
			isa = PBXNativeTarget;
			buildConfigurationList = 41A4E7C32A0BDD8100A30111 /* Build configuration list for PBXNativeTarget "Tomorrow" */;
			buildPhases = (
				41A4E7A82A0BDD7B00A30111 /* Sources */,
				41A4E7A92A0BDD7B00A30111 /* Frameworks */,
				41A4E7AA2A0BDD7B00A30111 /* Resources */,
			);
			buildRules = (
			);
			dependencies = (
			);
			name = Tomorrow;
			productName = Tomorrow;
			productReference = 41A4E7AC2A0BDD7B00A30111 /* Tomorrow.app */;
			productType = "com.apple.product-type.application";
		};
/* End PBXNativeTarget section */

/* Begin PBXProject section */
		41A4E7A42A0BDD7B00A30111 /* Project object */ = {
			isa = PBXProject;
			attributes = {
				BuildIndependentTargetsInParallel = 1;
				LastSwiftUpdateCheck = 1400;
				LastUpgradeCheck = 1400;
				TargetAttributes = {
					41A4E7AB2A0BDD7B00A30111 = {
						CreatedOnToolsVersion = 14.0.1;
					};
				};
			};
			buildConfigurationList = 41A4E7A72A0BDD7B00A30111 /* Build configuration list for PBXProject "Tomorrow" */;
			compatibilityVersion = "Xcode 14.0";
			developmentRegion = en;
			hasScannedForEncodings = 0;
			knownRegions = (
				en,
				Base,
			);
			mainGroup = 41A4E7A32A0BDD7B00A30111;
			productRefGroup = 41A4E7AD2A0BDD7B00A30111 /* Products */;
			projectDirPath = "";
			projectRoot = "";
			targets = (
				41A4E7AB2A0BDD7B00A30111 /* Tomorrow */,
			);
		};
/* End PBXProject section */

/* Begin PBXResourcesBuildPhase section */
		41A4E7AA2A0BDD7B00A30111 /* Resources */ = {
			isa = PBXResourcesBuildPhase;
			buildActionMask = 2147483647;
			files = (
				41A4E7BF2A0BDD8100A30111 /* LaunchScreen.storyboard in Resources */,
				41A4E7BC2A0BDD8100A30111 /* Assets.xcassets in Resources */,
			);
			runOnlyForDeploymentPostprocessing = 0;
		};
/* End PBXResourcesBuildPhase section */

/* Begin PBXSourcesBuildPhase section */
		41A4E7A82A0BDD7B00A30111 /* Sources */ = {
			isa = PBXSourcesBuildPhase;
			buildActionMask = 2147483647;
			files = (
				41A4E7B42A0BDD7B00A30111 /* ViewController.swift in Sources */,
				41A4E7B02A0BDD7B00A30111 /* AppDelegate.swift in Sources */,
				41A4E7D42A0BE07C00A30111 /* Items+CoreDataClass.swift in Sources */,
				41A4E7CA2A0BDE3300A30111 /* PlansTableViewCell.swift in Sources */,
				41A4E7C72A0BDE0200A30111 /* PlansListView.swift in Sources */,
				41A4E7CC2A0BDE4E00A30111 /* AddPlanScreenViewController.swift in Sources */,
				41A4E7D52A0BE07C00A30111 /* Items+CoreDataProperties.swift in Sources */,
				41A4E7BA2A0BDD7B00A30111 /* Tomorrow.xcdatamodeld in Sources */,
				41A4E7B22A0BDD7B00A30111 /* SceneDelegate.swift in Sources */,
			);
			runOnlyForDeploymentPostprocessing = 0;
		};
/* End PBXSourcesBuildPhase section */

/* Begin PBXVariantGroup section */
		41A4E7BD2A0BDD8100A30111 /* LaunchScreen.storyboard */ = {
			isa = PBXVariantGroup;
			children = (
				41A4E7BE2A0BDD8100A30111 /* Base */,
			);
			name = LaunchScreen.storyboard;
			sourceTree = "<group>";
		};
/* End PBXVariantGroup section */

/* Begin XCBuildConfiguration section */
		41A4E7C12A0BDD8100A30111 /* Debug */ = {
			isa = XCBuildConfiguration;
			buildSettings = {
				ALWAYS_SEARCH_USER_PATHS = NO;
				CLANG_ANALYZER_NONNULL = YES;
				CLANG_ANALYZER_NUMBER_OBJECT_CONVERSION = YES_AGGRESSIVE;
				CLANG_CXX_LANGUAGE_STANDARD = "gnu++20";
				CLANG_ENABLE_MODULES = YES;
				CLANG_ENABLE_OBJC_ARC = YES;
				CLANG_ENABLE_OBJC_WEAK = YES;
				CLANG_WARN_BLOCK_CAPTURE_AUTORELEASING = YES;
				CLANG_WARN_BOOL_CONVERSION = YES;
				CLANG_WARN_COMMA = YES;
				CLANG_WARN_CONSTANT_CONVERSION = YES;
				CLANG_WARN_DEPRECATED_OBJC_IMPLEMENTATIONS = YES;
				CLANG_WARN_DIRECT_OBJC_ISA_USAGE = YES_ERROR;
				CLANG_WARN_DOCUMENTATION_COMMENTS = YES;
				CLANG_WARN_EMPTY_BODY = YES;
				CLANG_WARN_ENUM_CONVERSION = YES;
				CLANG_WARN_INFINITE_RECURSION = YES;
				CLANG_WARN_INT_CONVERSION = YES;
				CLANG_WARN_NON_LITERAL_NULL_CONVERSION = YES;
				CLANG_WARN_OBJC_IMPLICIT_RETAIN_SELF = YES;
				CLANG_WARN_OBJC_LITERAL_CONVERSION = YES;
				CLANG_WARN_OBJC_ROOT_CLASS = YES_ERROR;
				CLANG_WARN_QUOTED_INCLUDE_IN_FRAMEWORK_HEADER = YES;
				CLANG_WARN_RANGE_LOOP_ANALYSIS = YES;
				CLANG_WARN_STRICT_PROTOTYPES = YES;
				CLANG_WARN_SUSPICIOUS_MOVE = YES;
				CLANG_WARN_UNGUARDED_AVAILABILITY = YES_AGGRESSIVE;
				CLANG_WARN_UNREACHABLE_CODE = YES;
				CLANG_WARN__DUPLICATE_METHOD_MATCH = YES;
				COPY_PHASE_STRIP = NO;
				DEBUG_INFORMATION_FORMAT = dwarf;
				ENABLE_STRICT_OBJC_MSGSEND = YES;
				ENABLE_TESTABILITY = YES;
				GCC_C_LANGUAGE_STANDARD = gnu11;
				GCC_DYNAMIC_NO_PIC = NO;
				GCC_NO_COMMON_BLOCKS = YES;
				GCC_OPTIMIZATION_LEVEL = 0;
				GCC_PREPROCESSOR_DEFINITIONS = (
					"DEBUG=1",
					"$(inherited)",
				);
				GCC_WARN_64_TO_32_BIT_CONVERSION = YES;
				GCC_WARN_ABOUT_RETURN_TYPE = YES_ERROR;
				GCC_WARN_UNDECLARED_SELECTOR = YES;
				GCC_WARN_UNINITIALIZED_AUTOS = YES_AGGRESSIVE;
				GCC_WARN_UNUSED_FUNCTION = YES;
				GCC_WARN_UNUSED_VARIABLE = YES;
				IPHONEOS_DEPLOYMENT_TARGET = 16.0;
				MTL_ENABLE_DEBUG_INFO = INCLUDE_SOURCE;
				MTL_FAST_MATH = YES;
				ONLY_ACTIVE_ARCH = YES;
				SDKROOT = iphoneos;
				SWIFT_ACTIVE_COMPILATION_CONDITIONS = DEBUG;
				SWIFT_OPTIMIZATION_LEVEL = "-Onone";
			};
			name = Debug;
		};
		41A4E7C22A0BDD8100A30111 /* Release */ = {
			isa = XCBuildConfiguration;
			buildSettings = {
				ALWAYS_SEARCH_USER_PATHS = NO;
				CLANG_ANALYZER_NONNULL = YES;
				CLANG_ANALYZER_NUMBER_OBJECT_CONVERSION = YES_AGGRESSIVE;
				CLANG_CXX_LANGUAGE_STANDARD = "gnu++20";
				CLANG_ENABLE_MODULES = YES;
				CLANG_ENABLE_OBJC_ARC = YES;
				CLANG_ENABLE_OBJC_WEAK = YES;
				CLANG_WARN_BLOCK_CAPTURE_AUTORELEASING = YES;
				CLANG_WARN_BOOL_CONVERSION = YES;
				CLANG_WARN_COMMA = YES;
				CLANG_WARN_CONSTANT_CONVERSION = YES;
				CLANG_WARN_DEPRECATED_OBJC_IMPLEMENTATIONS = YES;
				CLANG_WARN_DIRECT_OBJC_ISA_USAGE = YES_ERROR;
				CLANG_WARN_DOCUMENTATION_COMMENTS = YES;
				CLANG_WARN_EMPTY_BODY = YES;
				CLANG_WARN_ENUM_CONVERSION = YES;
				CLANG_WARN_INFINITE_RECURSION = YES;
				CLANG_WARN_INT_CONVERSION = YES;
				CLANG_WARN_NON_LITERAL_NULL_CONVERSION = YES;
				CLANG_WARN_OBJC_IMPLICIT_RETAIN_SELF = YES;
				CLANG_WARN_OBJC_LITERAL_CONVERSION = YES;
				CLANG_WARN_OBJC_ROOT_CLASS = YES_ERROR;
				CLANG_WARN_QUOTED_INCLUDE_IN_FRAMEWORK_HEADER = YES;
				CLANG_WARN_RANGE_LOOP_ANALYSIS = YES;
				CLANG_WARN_STRICT_PROTOTYPES = YES;
				CLANG_WARN_SUSPICIOUS_MOVE = YES;
				CLANG_WARN_UNGUARDED_AVAILABILITY = YES_AGGRESSIVE;
				CLANG_WARN_UNREACHABLE_CODE = YES;
				CLANG_WARN__DUPLICATE_METHOD_MATCH = YES;
				COPY_PHASE_STRIP = NO;
				DEBUG_INFORMATION_FORMAT = "dwarf-with-dsym";
				ENABLE_NS_ASSERTIONS = NO;
				ENABLE_STRICT_OBJC_MSGSEND = YES;
				GCC_C_LANGUAGE_STANDARD = gnu11;
				GCC_NO_COMMON_BLOCKS = YES;
				GCC_WARN_64_TO_32_BIT_CONVERSION = YES;
				GCC_WARN_ABOUT_RETURN_TYPE = YES_ERROR;
				GCC_WARN_UNDECLARED_SELECTOR = YES;
				GCC_WARN_UNINITIALIZED_AUTOS = YES_AGGRESSIVE;
				GCC_WARN_UNUSED_FUNCTION = YES;
				GCC_WARN_UNUSED_VARIABLE = YES;
				IPHONEOS_DEPLOYMENT_TARGET = 16.0;
				MTL_ENABLE_DEBUG_INFO = NO;
				MTL_FAST_MATH = YES;
				SDKROOT = iphoneos;
				SWIFT_COMPILATION_MODE = wholemodule;
				SWIFT_OPTIMIZATION_LEVEL = "-O";
				VALIDATE_PRODUCT = YES;
			};
			name = Release;
		};
		41A4E7C42A0BDD8100A30111 /* Debug */ = {
			isa = XCBuildConfiguration;
			buildSettings = {
				ASSETCATALOG_COMPILER_APPICON_NAME = AppIcon;
				ASSETCATALOG_COMPILER_GLOBAL_ACCENT_COLOR_NAME = AccentColor;
				CODE_SIGN_STYLE = Automatic;
				CURRENT_PROJECT_VERSION = 1;
				DEVELOPMENT_TEAM = H6A8FF2GG8;
				GENERATE_INFOPLIST_FILE = YES;
				INFOPLIST_FILE = Tomorrow/Info.plist;
				INFOPLIST_KEY_UIApplicationSupportsIndirectInputEvents = YES;
				INFOPLIST_KEY_UILaunchStoryboardName = LaunchScreen;
				INFOPLIST_KEY_UISupportedInterfaceOrientations_iPad = "UIInterfaceOrientationPortrait UIInterfaceOrientationPortraitUpsideDown UIInterfaceOrientationLandscapeLeft UIInterfaceOrientationLandscapeRight";
				INFOPLIST_KEY_UISupportedInterfaceOrientations_iPhone = "UIInterfaceOrientationPortrait UIInterfaceOrientationLandscapeLeft UIInterfaceOrientationLandscapeRight";
				LD_RUNPATH_SEARCH_PATHS = (
					"$(inherited)",
					"@executable_path/Frameworks",
				);
				MARKETING_VERSION = 1.0;
				PRODUCT_BUNDLE_IDENTIFIER = keremdemir.Tomorrow;
				PRODUCT_NAME = "$(TARGET_NAME)";
				SWIFT_EMIT_LOC_STRINGS = YES;
				SWIFT_VERSION = 5.0;
				TARGETED_DEVICE_FAMILY = "1,2";
			};
			name = Debug;
		};
		41A4E7C52A0BDD8100A30111 /* Release */ = {
			isa = XCBuildConfiguration;
			buildSettings = {
				ASSETCATALOG_COMPILER_APPICON_NAME = AppIcon;
				ASSETCATALOG_COMPILER_GLOBAL_ACCENT_COLOR_NAME = AccentColor;
				CODE_SIGN_STYLE = Automatic;
				CURRENT_PROJECT_VERSION = 1;
				DEVELOPMENT_TEAM = H6A8FF2GG8;
				GENERATE_INFOPLIST_FILE = YES;
				INFOPLIST_FILE = Tomorrow/Info.plist;
				INFOPLIST_KEY_UIApplicationSupportsIndirectInputEvents = YES;
				INFOPLIST_KEY_UILaunchStoryboardName = LaunchScreen;
				INFOPLIST_KEY_UISupportedInterfaceOrientations_iPad = "UIInterfaceOrientationPortrait UIInterfaceOrientationPortraitUpsideDown UIInterfaceOrientationLandscapeLeft UIInterfaceOrientationLandscapeRight";
				INFOPLIST_KEY_UISupportedInterfaceOrientations_iPhone = "UIInterfaceOrientationPortrait UIInterfaceOrientationLandscapeLeft UIInterfaceOrientationLandscapeRight";
				LD_RUNPATH_SEARCH_PATHS = (
					"$(inherited)",
					"@executable_path/Frameworks",
				);
				MARKETING_VERSION = 1.0;
				PRODUCT_BUNDLE_IDENTIFIER = keremdemir.Tomorrow;
				PRODUCT_NAME = "$(TARGET_NAME)";
				SWIFT_EMIT_LOC_STRINGS = YES;
				SWIFT_VERSION = 5.0;
				TARGETED_DEVICE_FAMILY = "1,2";
			};
			name = Release;
		};
/* End XCBuildConfiguration section */

/* Begin XCConfigurationList section */
		41A4E7A72A0BDD7B00A30111 /* Build configuration list for PBXProject "Tomorrow" */ = {
			isa = XCConfigurationList;
			buildConfigurations = (
				41A4E7C12A0BDD8100A30111 /* Debug */,
				41A4E7C22A0BDD8100A30111 /* Release */,
			);
			defaultConfigurationIsVisible = 0;
			defaultConfigurationName = Release;
		};
		41A4E7C32A0BDD8100A30111 /* Build configuration list for PBXNativeTarget "Tomorrow" */ = {
			isa = XCConfigurationList;
			buildConfigurations = (
				41A4E7C42A0BDD8100A30111 /* Debug */,
				41A4E7C52A0BDD8100A30111 /* Release */,
			);
			defaultConfigurationIsVisible = 0;
			defaultConfigurationName = Release;
		};
/* End XCConfigurationList section */

/* Begin XCVersionGroup section */
		41A4E7B82A0BDD7B00A30111 /* Tomorrow.xcdatamodeld */ = {
			isa = XCVersionGroup;
			children = (
				41A4E7B92A0BDD7B00A30111 /* Tomorrow.xcdatamodel */,
			);
			currentVersion = 41A4E7B92A0BDD7B00A30111 /* Tomorrow.xcdatamodel */;
			path = Tomorrow.xcdatamodeld;
			sourceTree = "<group>";
			versionGroupType = wrapper.xcdatamodel;
		};
/* End XCVersionGroup section */
	};
	rootObject = 41A4E7A42A0BDD7B00A30111 /* Project object */;
}
